
Microsoft Visual Studio Solution File, Format Version 12.00
# Visual Studio Version 16
VisualStudioVersion = 16.0.29613.14
MinimumVisualStudioVersion = 10.0.40219.1
Project("{8BC9CEB8-8B4A-11D0-8D11-00A0C91BC942}") = "Task 1", "Task 1\Task 1\Task 1.vcxproj", "{E112D9FE-82E8-41D3-BF00-0312D8ED9624}"
EndProject
Project("{8BC9CEB8-8B4A-11D0-8D11-00A0C91BC942}") = "Task 2", "Task 2\Task 2\Task 2.vcxproj", "{B66CB718-5F6D-4D29-9430-E76CBC468F01}"
EndProject
Project("{8BC9CEB8-8B4A-11D0-8D11-00A0C91BC942}") = "Task 3", "Task 3\Task 3\Task 3.vcxproj", "{9DBA0C7F-7195-4BAB-8B90-E8F9926C75F6}"
EndProject
Project("{8BC9CEB8-8B4A-11D0-8D11-00A0C91BC942}") = "Task 4", "Task 4\Task 4\Task 4.vcxproj", "{F7B0C7C6-20CC-41DF-BC6E-341385B5D470}"
EndProject
Project("{8BC9CEB8-8B4A-11D0-8D11-00A0C91BC942}") = "Task 5", "Task 5\Task 5.vcxproj", "{CD585DF4-86C3-4115-926E-415854A8C084}"
EndProject
Project("{8BC9CEB8-8B4A-11D0-8D11-00A0C91BC942}") = "Task 6", "Task 6\Task 6.vcxproj", "{84CD2484-2F96-4987-8C4F-4BDB814815EE}"
EndProject
Project("{8BC9CEB8-8B4A-11D0-8D11-00A0C91BC942}") = "Task 7", "Task 7\Task 7.vcxproj", "{125D4E48-01D8-4899-BA21-039B71BD8D38}"
EndProject
Project("{8BC9CEB8-8B4A-11D0-8D11-00A0C91BC942}") = "Task 8", "Task 8\Task 8.vcxproj", "{A55F62A0-7622-40F1-B3D1-414475BA0977}"
EndProject
Project("{8BC9CEB8-8B4A-11D0-8D11-00A0C91BC942}") = "Task 9", "Task 9\Task 9.vcxproj", "{23883974-72A5-4BEB-A440-F2AB10FC47A0}"
EndProject
Project("{8BC9CEB8-8B4A-11D0-8D11-00A0C91BC942}") = "Task 10", "Task 10\Task 10.vcxproj", "{945C2BE2-A9E1-4739-8434-8CB44E3B4A5B}"
EndProject
Project("{8BC9CEB8-8B4A-11D0-8D11-00A0C91BC942}") = "Task 11", "Task 11\Task 11.vcxproj", "{8AEF9DFD-30B9-4D1E-B5B0-DF1FB8B189E0}"
EndProject
Global
	GlobalSection(SolutionConfigurationPlatforms) = preSolution
		Debug|x64 = Debug|x64
		Debug|x86 = Debug|x86
		Release|x64 = Release|x64
		Release|x86 = Release|x86
	EndGlobalSection
	GlobalSection(ProjectConfigurationPlatforms) = postSolution
		{E112D9FE-82E8-41D3-BF00-0312D8ED9624}.Debug|x64.ActiveCfg = Debug|x64
		{E112D9FE-82E8-41D3-BF00-0312D8ED9624}.Debug|x64.Build.0 = Debug|x64
		{E112D9FE-82E8-41D3-BF00-0312D8ED9624}.Debug|x86.ActiveCfg = Debug|Win32
		{E112D9FE-82E8-41D3-BF00-0312D8ED9624}.Debug|x86.Build.0 = Debug|Win32
		{E112D9FE-82E8-41D3-BF00-0312D8ED9624}.Release|x64.ActiveCfg = Release|x64
		{E112D9FE-82E8-41D3-BF00-0312D8ED9624}.Release|x64.Build.0 = Release|x64
		{E112D9FE-82E8-41D3-BF00-0312D8ED9624}.Release|x86.ActiveCfg = Release|Win32
		{E112D9FE-82E8-41D3-BF00-0312D8ED9624}.Release|x86.Build.0 = Release|Win32
		{B66CB718-5F6D-4D29-9430-E76CBC468F01}.Debug|x64.ActiveCfg = Debug|x64
		{B66CB718-5F6D-4D29-9430-E76CBC468F01}.Debug|x64.Build.0 = Debug|x64
		{B66CB718-5F6D-4D29-9430-E76CBC468F01}.Debug|x86.ActiveCfg = Debug|Win32
		{B66CB718-5F6D-4D29-9430-E76CBC468F01}.Debug|x86.Build.0 = Debug|Win32
		{B66CB718-5F6D-4D29-9430-E76CBC468F01}.Release|x64.ActiveCfg = Release|x64
		{B66CB718-5F6D-4D29-9430-E76CBC468F01}.Release|x64.Build.0 = Release|x64
		{B66CB718-5F6D-4D29-9430-E76CBC468F01}.Release|x86.ActiveCfg = Release|Win32
		{B66CB718-5F6D-4D29-9430-E76CBC468F01}.Release|x86.Build.0 = Release|Win32
		{9DBA0C7F-7195-4BAB-8B90-E8F9926C75F6}.Debug|x64.ActiveCfg = Debug|x64
		{9DBA0C7F-7195-4BAB-8B90-E8F9926C75F6}.Debug|x64.Build.0 = Debug|x64
		{9DBA0C7F-7195-4BAB-8B90-E8F9926C75F6}.Debug|x86.ActiveCfg = Debug|Win32
		{9DBA0C7F-7195-4BAB-8B90-E8F9926C75F6}.Debug|x86.Build.0 = Debug|Win32
		{9DBA0C7F-7195-4BAB-8B90-E8F9926C75F6}.Release|x64.ActiveCfg = Release|x64
		{9DBA0C7F-7195-4BAB-8B90-E8F9926C75F6}.Release|x64.Build.0 = Release|x64
		{9DBA0C7F-7195-4BAB-8B90-E8F9926C75F6}.Release|x86.ActiveCfg = Release|Win32
		{9DBA0C7F-7195-4BAB-8B90-E8F9926C75F6}.Release|x86.Build.0 = Release|Win32
		{F7B0C7C6-20CC-41DF-BC6E-341385B5D470}.Debug|x64.ActiveCfg = Debug|x64
		{F7B0C7C6-20CC-41DF-BC6E-341385B5D470}.Debug|x64.Build.0 = Debug|x64
		{F7B0C7C6-20CC-41DF-BC6E-341385B5D470}.Debug|x86.ActiveCfg = Debug|Win32
		{F7B0C7C6-20CC-41DF-BC6E-341385B5D470}.Debug|x86.Build.0 = Debug|Win32
		{F7B0C7C6-20CC-41DF-BC6E-341385B5D470}.Release|x64.ActiveCfg = Release|x64
		{F7B0C7C6-20CC-41DF-BC6E-341385B5D470}.Release|x64.Build.0 = Release|x64
		{F7B0C7C6-20CC-41DF-BC6E-341385B5D470}.Release|x86.ActiveCfg = Release|Win32
		{F7B0C7C6-20CC-41DF-BC6E-341385B5D470}.Release|x86.Build.0 = Release|Win32
		{CD585DF4-86C3-4115-926E-415854A8C084}.Debug|x64.ActiveCfg = Debug|x64
		{CD585DF4-86C3-4115-926E-415854A8C084}.Debug|x64.Build.0 = Debug|x64
		{CD585DF4-86C3-4115-926E-415854A8C084}.Debug|x86.ActiveCfg = Debug|Win32
		{CD585DF4-86C3-4115-926E-415854A8C084}.Debug|x86.Build.0 = Debug|Win32
		{CD585DF4-86C3-4115-926E-415854A8C084}.Release|x64.ActiveCfg = Release|x64
		{CD585DF4-86C3-4115-926E-415854A8C084}.Release|x64.Build.0 = Release|x64
		{CD585DF4-86C3-4115-926E-415854A8C084}.Release|x86.ActiveCfg = Release|Win32
		{CD585DF4-86C3-4115-926E-415854A8C084}.Release|x86.Build.0 = Release|Win32
		{84CD2484-2F96-4987-8C4F-4BDB814815EE}.Debug|x64.ActiveCfg = Debug|x64
		{84CD2484-2F96-4987-8C4F-4BDB814815EE}.Debug|x64.Build.0 = Debug|x64
		{84CD2484-2F96-4987-8C4F-4BDB814815EE}.Debug|x86.ActiveCfg = Debug|Win32
		{84CD2484-2F96-4987-8C4F-4BDB814815EE}.Debug|x86.Build.0 = Debug|Win32
		{84CD2484-2F96-4987-8C4F-4BDB814815EE}.Release|x64.ActiveCfg = Release|x64
		{84CD2484-2F96-4987-8C4F-4BDB814815EE}.Release|x64.Build.0 = Release|x64
		{84CD2484-2F96-4987-8C4F-4BDB814815EE}.Release|x86.ActiveCfg = Release|Win32
		{84CD2484-2F96-4987-8C4F-4BDB814815EE}.Release|x86.Build.0 = Release|Win32
		{125D4E48-01D8-4899-BA21-039B71BD8D38}.Debug|x64.ActiveCfg = Debug|x64
		{125D4E48-01D8-4899-BA21-039B71BD8D38}.Debug|x64.Build.0 = Debug|x64
		{125D4E48-01D8-4899-BA21-039B71BD8D38}.Debug|x86.ActiveCfg = Debug|Win32
		{125D4E48-01D8-4899-BA21-039B71BD8D38}.Debug|x86.Build.0 = Debug|Win32
		{125D4E48-01D8-4899-BA21-039B71BD8D38}.Release|x64.ActiveCfg = Release|x64
		{125D4E48-01D8-4899-BA21-039B71BD8D38}.Release|x64.Build.0 = Release|x64
		{125D4E48-01D8-4899-BA21-039B71BD8D38}.Release|x86.ActiveCfg = Release|Win32
		{125D4E48-01D8-4899-BA21-039B71BD8D38}.Release|x86.Build.0 = Release|Win32
		{A55F62A0-7622-40F1-B3D1-414475BA0977}.Debug|x64.ActiveCfg = Debug|x64
		{A55F62A0-7622-40F1-B3D1-414475BA0977}.Debug|x64.Build.0 = Debug|x64
		{A55F62A0-7622-40F1-B3D1-414475BA0977}.Debug|x86.ActiveCfg = Debug|Win32
		{A55F62A0-7622-40F1-B3D1-414475BA0977}.Debug|x86.Build.0 = Debug|Win32
		{A55F62A0-7622-40F1-B3D1-414475BA0977}.Release|x64.ActiveCfg = Release|x64
		{A55F62A0-7622-40F1-B3D1-414475BA0977}.Release|x64.Build.0 = Release|x64
		{A55F62A0-7622-40F1-B3D1-414475BA0977}.Release|x86.ActiveCfg = Release|Win32
		{A55F62A0-7622-40F1-B3D1-414475BA0977}.Release|x86.Build.0 = Release|Win32
		{23883974-72A5-4BEB-A440-F2AB10FC47A0}.Debug|x64.ActiveCfg = Debug|x64
		{23883974-72A5-4BEB-A440-F2AB10FC47A0}.Debug|x64.Build.0 = Debug|x64
		{23883974-72A5-4BEB-A440-F2AB10FC47A0}.Debug|x86.ActiveCfg = Debug|Win32
		{23883974-72A5-4BEB-A440-F2AB10FC47A0}.Debug|x86.Build.0 = Debug|Win32
		{23883974-72A5-4BEB-A440-F2AB10FC47A0}.Release|x64.ActiveCfg = Release|x64
		{23883974-72A5-4BEB-A440-F2AB10FC47A0}.Release|x64.Build.0 = Release|x64
		{23883974-72A5-4BEB-A440-F2AB10FC47A0}.Release|x86.ActiveCfg = Release|Win32
		{23883974-72A5-4BEB-A440-F2AB10FC47A0}.Release|x86.Build.0 = Release|Win32
		{945C2BE2-A9E1-4739-8434-8CB44E3B4A5B}.Debug|x64.ActiveCfg = Debug|x64
		{945C2BE2-A9E1-4739-8434-8CB44E3B4A5B}.Debug|x64.Build.0 = Debug|x64
		{945C2BE2-A9E1-4739-8434-8CB44E3B4A5B}.Debug|x86.ActiveCfg = Debug|Win32
		{945C2BE2-A9E1-4739-8434-8CB44E3B4A5B}.Debug|x86.Build.0 = Debug|Win32
		{945C2BE2-A9E1-4739-8434-8CB44E3B4A5B}.Release|x64.ActiveCfg = Release|x64
		{945C2BE2-A9E1-4739-8434-8CB44E3B4A5B}.Release|x64.Build.0 = Release|x64
		{945C2BE2-A9E1-4739-8434-8CB44E3B4A5B}.Release|x86.ActiveCfg = Release|Win32
		{945C2BE2-A9E1-4739-8434-8CB44E3B4A5B}.Release|x86.Build.0 = Release|Win32
		{8AEF9DFD-30B9-4D1E-B5B0-DF1FB8B189E0}.Debug|x64.ActiveCfg = Debug|x64
		{8AEF9DFD-30B9-4D1E-B5B0-DF1FB8B189E0}.Debug|x64.Build.0 = Debug|x64
		{8AEF9DFD-30B9-4D1E-B5B0-DF1FB8B189E0}.Debug|x86.ActiveCfg = Debug|Win32
		{8AEF9DFD-30B9-4D1E-B5B0-DF1FB8B189E0}.Debug|x86.Build.0 = Debug|Win32
		{8AEF9DFD-30B9-4D1E-B5B0-DF1FB8B189E0}.Release|x64.ActiveCfg = Release|x64
		{8AEF9DFD-30B9-4D1E-B5B0-DF1FB8B189E0}.Release|x64.Build.0 = Release|x64
		{8AEF9DFD-30B9-4D1E-B5B0-DF1FB8B189E0}.Release|x86.ActiveCfg = Release|Win32
		{8AEF9DFD-30B9-4D1E-B5B0-DF1FB8B189E0}.Release|x86.Build.0 = Release|Win32
	EndGlobalSection
	GlobalSection(SolutionProperties) = preSolution
		HideSolutionNode = FALSE
	EndGlobalSection
	GlobalSection(ExtensibilityGlobals) = postSolution
		SolutionGuid = {4CF6D7C7-7B75-4EE0-B645-F72AC37EC8F4}
	EndGlobalSection
EndGlobal
