
Microsoft Visual Studio Solution File, Format Version 12.00
# Visual Studio Version 16
VisualStudioVersion = 16.0.29911.84
MinimumVisualStudioVersion = 10.0.40219.1
Project("{8BC9CEB8-8B4A-11D0-8D11-00A0C91BC942}") = "Chapter 5", "Chapter 5\Chapter 5.vcxitems", "{405065F9-B0B9-48D8-8840-CABD88496FB1}"
EndProject
Project("{8BC9CEB8-8B4A-11D0-8D11-00A0C91BC942}") = "Task 1", "Task 1\Task 1.vcxproj", "{D9C3817E-BC6D-4D05-8EAF-552FF3E6053B}"
EndProject
Project("{8BC9CEB8-8B4A-11D0-8D11-00A0C91BC942}") = "Task 2", "Task 2\Task 2.vcxproj", "{3F0C3C03-498E-4EF8-94F5-9EC8857A8C08}"
EndProject
Project("{8BC9CEB8-8B4A-11D0-8D11-00A0C91BC942}") = "Task 3", "Task 3\Task 3.vcxproj", "{2E7F8D27-5643-4F08-B696-5E19360D14DC}"
EndProject
Project("{8BC9CEB8-8B4A-11D0-8D11-00A0C91BC942}") = "Task 4", "Task 4\Task 4.vcxproj", "{018CD2B3-65DA-4EA5-981E-2E283F121CFA}"
EndProject
Project("{8BC9CEB8-8B4A-11D0-8D11-00A0C91BC942}") = "Task 5", "Task 5\Task 5.vcxproj", "{436BB2C3-8855-47BC-987E-4C0C8B8F1766}"
EndProject
Project("{8BC9CEB8-8B4A-11D0-8D11-00A0C91BC942}") = "Task 6", "Task 6\Task 6.vcxproj", "{7A576F3E-DB59-48E9-9C37-D9C79C1B286A}"
EndProject
Project("{8BC9CEB8-8B4A-11D0-8D11-00A0C91BC942}") = "Task 7", "Task 7\Task 7.vcxproj", "{B12A558E-426A-4BA7-85D7-01C3A87BA127}"
EndProject
Project("{8BC9CEB8-8B4A-11D0-8D11-00A0C91BC942}") = "Task 8", "Task 8\Task 8.vcxproj", "{EF4F6133-8FB2-4878-9B98-E6C4C4C6A6F4}"
EndProject
Global
	GlobalSection(SolutionConfigurationPlatforms) = preSolution
		Debug|x64 = Debug|x64
		Debug|x86 = Debug|x86
		Release|x64 = Release|x64
		Release|x86 = Release|x86
	EndGlobalSection
	GlobalSection(ProjectConfigurationPlatforms) = postSolution
		{D9C3817E-BC6D-4D05-8EAF-552FF3E6053B}.Debug|x64.ActiveCfg = Debug|x64
		{D9C3817E-BC6D-4D05-8EAF-552FF3E6053B}.Debug|x64.Build.0 = Debug|x64
		{D9C3817E-BC6D-4D05-8EAF-552FF3E6053B}.Debug|x86.ActiveCfg = Debug|Win32
		{D9C3817E-BC6D-4D05-8EAF-552FF3E6053B}.Debug|x86.Build.0 = Debug|Win32
		{D9C3817E-BC6D-4D05-8EAF-552FF3E6053B}.Release|x64.ActiveCfg = Release|x64
		{D9C3817E-BC6D-4D05-8EAF-552FF3E6053B}.Release|x64.Build.0 = Release|x64
		{D9C3817E-BC6D-4D05-8EAF-552FF3E6053B}.Release|x86.ActiveCfg = Release|Win32
		{D9C3817E-BC6D-4D05-8EAF-552FF3E6053B}.Release|x86.Build.0 = Release|Win32
		{3F0C3C03-498E-4EF8-94F5-9EC8857A8C08}.Debug|x64.ActiveCfg = Debug|x64
		{3F0C3C03-498E-4EF8-94F5-9EC8857A8C08}.Debug|x64.Build.0 = Debug|x64
		{3F0C3C03-498E-4EF8-94F5-9EC8857A8C08}.Debug|x86.ActiveCfg = Debug|Win32
		{3F0C3C03-498E-4EF8-94F5-9EC8857A8C08}.Debug|x86.Build.0 = Debug|Win32
		{3F0C3C03-498E-4EF8-94F5-9EC8857A8C08}.Release|x64.ActiveCfg = Release|x64
		{3F0C3C03-498E-4EF8-94F5-9EC8857A8C08}.Release|x64.Build.0 = Release|x64
		{3F0C3C03-498E-4EF8-94F5-9EC8857A8C08}.Release|x86.ActiveCfg = Release|Win32
		{3F0C3C03-498E-4EF8-94F5-9EC8857A8C08}.Release|x86.Build.0 = Release|Win32
		{2E7F8D27-5643-4F08-B696-5E19360D14DC}.Debug|x64.ActiveCfg = Debug|x64
		{2E7F8D27-5643-4F08-B696-5E19360D14DC}.Debug|x64.Build.0 = Debug|x64
		{2E7F8D27-5643-4F08-B696-5E19360D14DC}.Debug|x86.ActiveCfg = Debug|Win32
		{2E7F8D27-5643-4F08-B696-5E19360D14DC}.Debug|x86.Build.0 = Debug|Win32
		{2E7F8D27-5643-4F08-B696-5E19360D14DC}.Release|x64.ActiveCfg = Release|x64
		{2E7F8D27-5643-4F08-B696-5E19360D14DC}.Release|x64.Build.0 = Release|x64
		{2E7F8D27-5643-4F08-B696-5E19360D14DC}.Release|x86.ActiveCfg = Release|Win32
		{2E7F8D27-5643-4F08-B696-5E19360D14DC}.Release|x86.Build.0 = Release|Win32
		{018CD2B3-65DA-4EA5-981E-2E283F121CFA}.Debug|x64.ActiveCfg = Debug|x64
		{018CD2B3-65DA-4EA5-981E-2E283F121CFA}.Debug|x64.Build.0 = Debug|x64
		{018CD2B3-65DA-4EA5-981E-2E283F121CFA}.Debug|x86.ActiveCfg = Debug|Win32
		{018CD2B3-65DA-4EA5-981E-2E283F121CFA}.Debug|x86.Build.0 = Debug|Win32
		{018CD2B3-65DA-4EA5-981E-2E283F121CFA}.Release|x64.ActiveCfg = Release|x64
		{018CD2B3-65DA-4EA5-981E-2E283F121CFA}.Release|x64.Build.0 = Release|x64
		{018CD2B3-65DA-4EA5-981E-2E283F121CFA}.Release|x86.ActiveCfg = Release|Win32
		{018CD2B3-65DA-4EA5-981E-2E283F121CFA}.Release|x86.Build.0 = Release|Win32
		{436BB2C3-8855-47BC-987E-4C0C8B8F1766}.Debug|x64.ActiveCfg = Debug|x64
		{436BB2C3-8855-47BC-987E-4C0C8B8F1766}.Debug|x64.Build.0 = Debug|x64
		{436BB2C3-8855-47BC-987E-4C0C8B8F1766}.Debug|x86.ActiveCfg = Debug|Win32
		{436BB2C3-8855-47BC-987E-4C0C8B8F1766}.Debug|x86.Build.0 = Debug|Win32
		{436BB2C3-8855-47BC-987E-4C0C8B8F1766}.Release|x64.ActiveCfg = Release|x64
		{436BB2C3-8855-47BC-987E-4C0C8B8F1766}.Release|x64.Build.0 = Release|x64
		{436BB2C3-8855-47BC-987E-4C0C8B8F1766}.Release|x86.ActiveCfg = Release|Win32
		{436BB2C3-8855-47BC-987E-4C0C8B8F1766}.Release|x86.Build.0 = Release|Win32
		{7A576F3E-DB59-48E9-9C37-D9C79C1B286A}.Debug|x64.ActiveCfg = Debug|x64
		{7A576F3E-DB59-48E9-9C37-D9C79C1B286A}.Debug|x64.Build.0 = Debug|x64
		{7A576F3E-DB59-48E9-9C37-D9C79C1B286A}.Debug|x86.ActiveCfg = Debug|Win32
		{7A576F3E-DB59-48E9-9C37-D9C79C1B286A}.Debug|x86.Build.0 = Debug|Win32
		{7A576F3E-DB59-48E9-9C37-D9C79C1B286A}.Release|x64.ActiveCfg = Release|x64
		{7A576F3E-DB59-48E9-9C37-D9C79C1B286A}.Release|x64.Build.0 = Release|x64
		{7A576F3E-DB59-48E9-9C37-D9C79C1B286A}.Release|x86.ActiveCfg = Release|Win32
		{7A576F3E-DB59-48E9-9C37-D9C79C1B286A}.Release|x86.Build.0 = Release|Win32
		{B12A558E-426A-4BA7-85D7-01C3A87BA127}.Debug|x64.ActiveCfg = Debug|x64
		{B12A558E-426A-4BA7-85D7-01C3A87BA127}.Debug|x64.Build.0 = Debug|x64
		{B12A558E-426A-4BA7-85D7-01C3A87BA127}.Debug|x86.ActiveCfg = Debug|Win32
		{B12A558E-426A-4BA7-85D7-01C3A87BA127}.Debug|x86.Build.0 = Debug|Win32
		{B12A558E-426A-4BA7-85D7-01C3A87BA127}.Release|x64.ActiveCfg = Release|x64
		{B12A558E-426A-4BA7-85D7-01C3A87BA127}.Release|x64.Build.0 = Release|x64
		{B12A558E-426A-4BA7-85D7-01C3A87BA127}.Release|x86.ActiveCfg = Release|Win32
		{B12A558E-426A-4BA7-85D7-01C3A87BA127}.Release|x86.Build.0 = Release|Win32
		{EF4F6133-8FB2-4878-9B98-E6C4C4C6A6F4}.Debug|x64.ActiveCfg = Debug|x64
		{EF4F6133-8FB2-4878-9B98-E6C4C4C6A6F4}.Debug|x64.Build.0 = Debug|x64
		{EF4F6133-8FB2-4878-9B98-E6C4C4C6A6F4}.Debug|x86.ActiveCfg = Debug|Win32
		{EF4F6133-8FB2-4878-9B98-E6C4C4C6A6F4}.Debug|x86.Build.0 = Debug|Win32
		{EF4F6133-8FB2-4878-9B98-E6C4C4C6A6F4}.Release|x64.ActiveCfg = Release|x64
		{EF4F6133-8FB2-4878-9B98-E6C4C4C6A6F4}.Release|x64.Build.0 = Release|x64
		{EF4F6133-8FB2-4878-9B98-E6C4C4C6A6F4}.Release|x86.ActiveCfg = Release|Win32
		{EF4F6133-8FB2-4878-9B98-E6C4C4C6A6F4}.Release|x86.Build.0 = Release|Win32
	EndGlobalSection
	GlobalSection(SolutionProperties) = preSolution
		HideSolutionNode = FALSE
	EndGlobalSection
	GlobalSection(ExtensibilityGlobals) = postSolution
		SolutionGuid = {87257963-A6D1-426D-8039-07D53E1162F8}
	EndGlobalSection
EndGlobal
