
Microsoft Visual Studio Solution File, Format Version 12.00
# Visual Studio Version 16
VisualStudioVersion = 16.0.29613.14
MinimumVisualStudioVersion = 10.0.40219.1
Project("{8BC9CEB8-8B4A-11D0-8D11-00A0C91BC942}") = "Task 1", "Task 1\Task 1.vcxproj", "{284CB474-57BE-435C-AC9D-7B8C952E5A27}"
EndProject
Project("{8BC9CEB8-8B4A-11D0-8D11-00A0C91BC942}") = "Task 2", "Task 2\Task 2.vcxproj", "{17E53448-D19D-4715-8B45-EFAB84578EDB}"
EndProject
Project("{8BC9CEB8-8B4A-11D0-8D11-00A0C91BC942}") = "Task 3", "Task 3\Task 3.vcxproj", "{D6692416-6962-4E0F-A369-BFA2E5F28357}"
EndProject
Project("{8BC9CEB8-8B4A-11D0-8D11-00A0C91BC942}") = "Task 4", "Task 4\Task 4.vcxproj", "{9DAB1353-90FA-4235-B518-4AF712211933}"
EndProject
Project("{8BC9CEB8-8B4A-11D0-8D11-00A0C91BC942}") = "Task 5", "Task 5\Task 5.vcxproj", "{B5BB535C-9FC9-4230-B29C-5721E67D74C3}"
EndProject
Project("{8BC9CEB8-8B4A-11D0-8D11-00A0C91BC942}") = "Task 6", "Task 6\Task 6.vcxproj", "{B3463575-7CEE-47A3-AFDB-DB82408C557C}"
EndProject
Project("{8BC9CEB8-8B4A-11D0-8D11-00A0C91BC942}") = "Task 7", "Task 7\Task 7.vcxproj", "{4967700B-FC44-4099-B51C-5A4B3929D101}"
EndProject
Project("{8BC9CEB8-8B4A-11D0-8D11-00A0C91BC942}") = "Task 8", "Task 8\Task 8.vcxproj", "{9F86FA3A-AFBE-4065-A6EB-825EF9CD92AB}"
EndProject
Project("{8BC9CEB8-8B4A-11D0-8D11-00A0C91BC942}") = "Task 9", "Task 9\Task 9.vcxproj", "{B2E71CED-6C58-47C7-A72E-F49EAEA6B533}"
EndProject
Project("{8BC9CEB8-8B4A-11D0-8D11-00A0C91BC942}") = "Task_10", "Task_10\Task_10.vcxproj", "{6DA5BE3A-E8B9-4CB4-AA8D-F3BF21B1C3B0}"
EndProject
Project("{8BC9CEB8-8B4A-11D0-8D11-00A0C91BC942}") = "Task_11", "Task_11\Task_11.vcxproj", "{F605E81A-F056-4947-82BF-1763E7EFD6AD}"
EndProject
Project("{8BC9CEB8-8B4A-11D0-8D11-00A0C91BC942}") = "Task 12", "Task 12\Task 12.vcxproj", "{AF8E773E-D12C-4457-BCFD-4FFB4FBCCE86}"
EndProject
Global
	GlobalSection(SolutionConfigurationPlatforms) = preSolution
		Debug|x64 = Debug|x64
		Debug|x86 = Debug|x86
		Release|x64 = Release|x64
		Release|x86 = Release|x86
	EndGlobalSection
	GlobalSection(ProjectConfigurationPlatforms) = postSolution
		{284CB474-57BE-435C-AC9D-7B8C952E5A27}.Debug|x64.ActiveCfg = Debug|x64
		{284CB474-57BE-435C-AC9D-7B8C952E5A27}.Debug|x64.Build.0 = Debug|x64
		{284CB474-57BE-435C-AC9D-7B8C952E5A27}.Debug|x86.ActiveCfg = Debug|Win32
		{284CB474-57BE-435C-AC9D-7B8C952E5A27}.Debug|x86.Build.0 = Debug|Win32
		{284CB474-57BE-435C-AC9D-7B8C952E5A27}.Release|x64.ActiveCfg = Release|x64
		{284CB474-57BE-435C-AC9D-7B8C952E5A27}.Release|x64.Build.0 = Release|x64
		{284CB474-57BE-435C-AC9D-7B8C952E5A27}.Release|x86.ActiveCfg = Release|Win32
		{284CB474-57BE-435C-AC9D-7B8C952E5A27}.Release|x86.Build.0 = Release|Win32
		{17E53448-D19D-4715-8B45-EFAB84578EDB}.Debug|x64.ActiveCfg = Debug|x64
		{17E53448-D19D-4715-8B45-EFAB84578EDB}.Debug|x64.Build.0 = Debug|x64
		{17E53448-D19D-4715-8B45-EFAB84578EDB}.Debug|x86.ActiveCfg = Debug|Win32
		{17E53448-D19D-4715-8B45-EFAB84578EDB}.Debug|x86.Build.0 = Debug|Win32
		{17E53448-D19D-4715-8B45-EFAB84578EDB}.Release|x64.ActiveCfg = Release|x64
		{17E53448-D19D-4715-8B45-EFAB84578EDB}.Release|x64.Build.0 = Release|x64
		{17E53448-D19D-4715-8B45-EFAB84578EDB}.Release|x86.ActiveCfg = Release|Win32
		{17E53448-D19D-4715-8B45-EFAB84578EDB}.Release|x86.Build.0 = Release|Win32
		{D6692416-6962-4E0F-A369-BFA2E5F28357}.Debug|x64.ActiveCfg = Debug|x64
		{D6692416-6962-4E0F-A369-BFA2E5F28357}.Debug|x64.Build.0 = Debug|x64
		{D6692416-6962-4E0F-A369-BFA2E5F28357}.Debug|x86.ActiveCfg = Debug|Win32
		{D6692416-6962-4E0F-A369-BFA2E5F28357}.Debug|x86.Build.0 = Debug|Win32
		{D6692416-6962-4E0F-A369-BFA2E5F28357}.Release|x64.ActiveCfg = Release|x64
		{D6692416-6962-4E0F-A369-BFA2E5F28357}.Release|x64.Build.0 = Release|x64
		{D6692416-6962-4E0F-A369-BFA2E5F28357}.Release|x86.ActiveCfg = Release|Win32
		{D6692416-6962-4E0F-A369-BFA2E5F28357}.Release|x86.Build.0 = Release|Win32
		{9DAB1353-90FA-4235-B518-4AF712211933}.Debug|x64.ActiveCfg = Debug|x64
		{9DAB1353-90FA-4235-B518-4AF712211933}.Debug|x64.Build.0 = Debug|x64
		{9DAB1353-90FA-4235-B518-4AF712211933}.Debug|x86.ActiveCfg = Debug|Win32
		{9DAB1353-90FA-4235-B518-4AF712211933}.Debug|x86.Build.0 = Debug|Win32
		{9DAB1353-90FA-4235-B518-4AF712211933}.Release|x64.ActiveCfg = Release|x64
		{9DAB1353-90FA-4235-B518-4AF712211933}.Release|x64.Build.0 = Release|x64
		{9DAB1353-90FA-4235-B518-4AF712211933}.Release|x86.ActiveCfg = Release|Win32
		{9DAB1353-90FA-4235-B518-4AF712211933}.Release|x86.Build.0 = Release|Win32
		{B5BB535C-9FC9-4230-B29C-5721E67D74C3}.Debug|x64.ActiveCfg = Debug|x64
		{B5BB535C-9FC9-4230-B29C-5721E67D74C3}.Debug|x64.Build.0 = Debug|x64
		{B5BB535C-9FC9-4230-B29C-5721E67D74C3}.Debug|x86.ActiveCfg = Debug|Win32
		{B5BB535C-9FC9-4230-B29C-5721E67D74C3}.Debug|x86.Build.0 = Debug|Win32
		{B5BB535C-9FC9-4230-B29C-5721E67D74C3}.Release|x64.ActiveCfg = Release|x64
		{B5BB535C-9FC9-4230-B29C-5721E67D74C3}.Release|x64.Build.0 = Release|x64
		{B5BB535C-9FC9-4230-B29C-5721E67D74C3}.Release|x86.ActiveCfg = Release|Win32
		{B5BB535C-9FC9-4230-B29C-5721E67D74C3}.Release|x86.Build.0 = Release|Win32
		{B3463575-7CEE-47A3-AFDB-DB82408C557C}.Debug|x64.ActiveCfg = Debug|x64
		{B3463575-7CEE-47A3-AFDB-DB82408C557C}.Debug|x64.Build.0 = Debug|x64
		{B3463575-7CEE-47A3-AFDB-DB82408C557C}.Debug|x86.ActiveCfg = Debug|Win32
		{B3463575-7CEE-47A3-AFDB-DB82408C557C}.Debug|x86.Build.0 = Debug|Win32
		{B3463575-7CEE-47A3-AFDB-DB82408C557C}.Release|x64.ActiveCfg = Release|x64
		{B3463575-7CEE-47A3-AFDB-DB82408C557C}.Release|x64.Build.0 = Release|x64
		{B3463575-7CEE-47A3-AFDB-DB82408C557C}.Release|x86.ActiveCfg = Release|Win32
		{B3463575-7CEE-47A3-AFDB-DB82408C557C}.Release|x86.Build.0 = Release|Win32
		{4967700B-FC44-4099-B51C-5A4B3929D101}.Debug|x64.ActiveCfg = Debug|x64
		{4967700B-FC44-4099-B51C-5A4B3929D101}.Debug|x64.Build.0 = Debug|x64
		{4967700B-FC44-4099-B51C-5A4B3929D101}.Debug|x86.ActiveCfg = Debug|Win32
		{4967700B-FC44-4099-B51C-5A4B3929D101}.Debug|x86.Build.0 = Debug|Win32
		{4967700B-FC44-4099-B51C-5A4B3929D101}.Release|x64.ActiveCfg = Release|x64
		{4967700B-FC44-4099-B51C-5A4B3929D101}.Release|x64.Build.0 = Release|x64
		{4967700B-FC44-4099-B51C-5A4B3929D101}.Release|x86.ActiveCfg = Release|Win32
		{4967700B-FC44-4099-B51C-5A4B3929D101}.Release|x86.Build.0 = Release|Win32
		{9F86FA3A-AFBE-4065-A6EB-825EF9CD92AB}.Debug|x64.ActiveCfg = Debug|x64
		{9F86FA3A-AFBE-4065-A6EB-825EF9CD92AB}.Debug|x64.Build.0 = Debug|x64
		{9F86FA3A-AFBE-4065-A6EB-825EF9CD92AB}.Debug|x86.ActiveCfg = Debug|Win32
		{9F86FA3A-AFBE-4065-A6EB-825EF9CD92AB}.Debug|x86.Build.0 = Debug|Win32
		{9F86FA3A-AFBE-4065-A6EB-825EF9CD92AB}.Release|x64.ActiveCfg = Release|x64
		{9F86FA3A-AFBE-4065-A6EB-825EF9CD92AB}.Release|x64.Build.0 = Release|x64
		{9F86FA3A-AFBE-4065-A6EB-825EF9CD92AB}.Release|x86.ActiveCfg = Release|Win32
		{9F86FA3A-AFBE-4065-A6EB-825EF9CD92AB}.Release|x86.Build.0 = Release|Win32
		{B2E71CED-6C58-47C7-A72E-F49EAEA6B533}.Debug|x64.ActiveCfg = Debug|x64
		{B2E71CED-6C58-47C7-A72E-F49EAEA6B533}.Debug|x64.Build.0 = Debug|x64
		{B2E71CED-6C58-47C7-A72E-F49EAEA6B533}.Debug|x86.ActiveCfg = Debug|Win32
		{B2E71CED-6C58-47C7-A72E-F49EAEA6B533}.Debug|x86.Build.0 = Debug|Win32
		{B2E71CED-6C58-47C7-A72E-F49EAEA6B533}.Release|x64.ActiveCfg = Release|x64
		{B2E71CED-6C58-47C7-A72E-F49EAEA6B533}.Release|x64.Build.0 = Release|x64
		{B2E71CED-6C58-47C7-A72E-F49EAEA6B533}.Release|x86.ActiveCfg = Release|Win32
		{B2E71CED-6C58-47C7-A72E-F49EAEA6B533}.Release|x86.Build.0 = Release|Win32
		{6DA5BE3A-E8B9-4CB4-AA8D-F3BF21B1C3B0}.Debug|x64.ActiveCfg = Debug|x64
		{6DA5BE3A-E8B9-4CB4-AA8D-F3BF21B1C3B0}.Debug|x64.Build.0 = Debug|x64
		{6DA5BE3A-E8B9-4CB4-AA8D-F3BF21B1C3B0}.Debug|x86.ActiveCfg = Debug|Win32
		{6DA5BE3A-E8B9-4CB4-AA8D-F3BF21B1C3B0}.Debug|x86.Build.0 = Debug|Win32
		{6DA5BE3A-E8B9-4CB4-AA8D-F3BF21B1C3B0}.Release|x64.ActiveCfg = Release|x64
		{6DA5BE3A-E8B9-4CB4-AA8D-F3BF21B1C3B0}.Release|x64.Build.0 = Release|x64
		{6DA5BE3A-E8B9-4CB4-AA8D-F3BF21B1C3B0}.Release|x86.ActiveCfg = Release|Win32
		{6DA5BE3A-E8B9-4CB4-AA8D-F3BF21B1C3B0}.Release|x86.Build.0 = Release|Win32
		{F605E81A-F056-4947-82BF-1763E7EFD6AD}.Debug|x64.ActiveCfg = Debug|x64
		{F605E81A-F056-4947-82BF-1763E7EFD6AD}.Debug|x64.Build.0 = Debug|x64
		{F605E81A-F056-4947-82BF-1763E7EFD6AD}.Debug|x86.ActiveCfg = Debug|Win32
		{F605E81A-F056-4947-82BF-1763E7EFD6AD}.Debug|x86.Build.0 = Debug|Win32
		{F605E81A-F056-4947-82BF-1763E7EFD6AD}.Release|x64.ActiveCfg = Release|x64
		{F605E81A-F056-4947-82BF-1763E7EFD6AD}.Release|x64.Build.0 = Release|x64
		{F605E81A-F056-4947-82BF-1763E7EFD6AD}.Release|x86.ActiveCfg = Release|Win32
		{F605E81A-F056-4947-82BF-1763E7EFD6AD}.Release|x86.Build.0 = Release|Win32
		{AF8E773E-D12C-4457-BCFD-4FFB4FBCCE86}.Debug|x64.ActiveCfg = Debug|x64
		{AF8E773E-D12C-4457-BCFD-4FFB4FBCCE86}.Debug|x64.Build.0 = Debug|x64
		{AF8E773E-D12C-4457-BCFD-4FFB4FBCCE86}.Debug|x86.ActiveCfg = Debug|Win32
		{AF8E773E-D12C-4457-BCFD-4FFB4FBCCE86}.Debug|x86.Build.0 = Debug|Win32
		{AF8E773E-D12C-4457-BCFD-4FFB4FBCCE86}.Release|x64.ActiveCfg = Release|x64
		{AF8E773E-D12C-4457-BCFD-4FFB4FBCCE86}.Release|x64.Build.0 = Release|x64
		{AF8E773E-D12C-4457-BCFD-4FFB4FBCCE86}.Release|x86.ActiveCfg = Release|Win32
		{AF8E773E-D12C-4457-BCFD-4FFB4FBCCE86}.Release|x86.Build.0 = Release|Win32
	EndGlobalSection
	GlobalSection(SolutionProperties) = preSolution
		HideSolutionNode = FALSE
	EndGlobalSection
	GlobalSection(ExtensibilityGlobals) = postSolution
		SolutionGuid = {DA7046BB-F361-477D-8E48-072EE780741D}
	EndGlobalSection
EndGlobal
