
Microsoft Visual Studio Solution File, Format Version 12.00
# Visual Studio Version 16
VisualStudioVersion = 16.0.30011.22
MinimumVisualStudioVersion = 10.0.40219.1
Project("{8BC9CEB8-8B4A-11D0-8D11-00A0C91BC942}") = "Chapter 6", "Chapter 6\Chapter 6.vcxitems", "{F12AD7DF-EE25-4987-B3C0-8E83CFEE0BAB}"
EndProject
Project("{8BC9CEB8-8B4A-11D0-8D11-00A0C91BC942}") = "Task (1.1)", "Task 1\Task 1.vcxproj", "{7661BC81-E00B-41D5-B8ED-14102D709C7E}"
EndProject
Project("{8BC9CEB8-8B4A-11D0-8D11-00A0C91BC942}") = "Task (1.2)", "Task 2\Task 2.vcxproj", "{930F638B-0251-4DC6-BC4B-3E8963A0A510}"
EndProject
Project("{8BC9CEB8-8B4A-11D0-8D11-00A0C91BC942}") = "Task (2)", "Task (2)\Task (2).vcxproj", "{D73E2B5A-E171-4011-93B5-C768DF3A2BD2}"
EndProject
Project("{8BC9CEB8-8B4A-11D0-8D11-00A0C91BC942}") = "Task (3)", "Task (3)\Task (3).vcxproj", "{E92A5B69-6851-43BD-A1BE-9E905108CE5B}"
EndProject
Project("{8BC9CEB8-8B4A-11D0-8D11-00A0C91BC942}") = "Task (4)", "Task (4)\Task (4).vcxproj", "{8168176D-D25B-47C0-8816-15F1A4A9A177}"
EndProject
Project("{8BC9CEB8-8B4A-11D0-8D11-00A0C91BC942}") = "Task (5)", "Task (5)\Task (5).vcxproj", "{28409CBF-D348-4A6E-B826-F05428EBAB0A}"
EndProject
Project("{8BC9CEB8-8B4A-11D0-8D11-00A0C91BC942}") = "Task (6)", "Task 6\Task 6.vcxproj", "{2D970656-02E5-4C19-9CA3-858B617D9695}"
EndProject
Project("{8BC9CEB8-8B4A-11D0-8D11-00A0C91BC942}") = "Task (7)", "Task (7)\Task (7).vcxproj", "{09B2CBAA-313A-46E4-BAF4-6DC49B59FEF6}"
EndProject
Project("{8BC9CEB8-8B4A-11D0-8D11-00A0C91BC942}") = "Task (8)", "Task (8)\Task (8).vcxproj", "{5CA6AE1A-8FC8-41C2-A5C9-1F1D169A5674}"
EndProject
Project("{8BC9CEB8-8B4A-11D0-8D11-00A0C91BC942}") = "Task (9)", "Task (9)\Task (9).vcxproj", "{69FEEEDC-F65A-4FB2-9C4E-854BD6EE6FEF}"
EndProject
Project("{8BC9CEB8-8B4A-11D0-8D11-00A0C91BC942}") = "Task_(10)", "Task (10)\Task (10).vcxproj", "{0AD41027-68B4-4808-8D29-8ED2A8034D70}"
EndProject
Project("{8BC9CEB8-8B4A-11D0-8D11-00A0C91BC942}") = "Task_(11)", "Task_(11)\Task_(11).vcxproj", "{5A47CBDA-322E-43D4-9B86-EF414394C525}"
EndProject
Project("{8BC9CEB8-8B4A-11D0-8D11-00A0C91BC942}") = "Task_(12)", "Task_(12)\Task_(12).vcxproj", "{DD7996DD-4D90-4B44-BB90-33DDA772ADBD}"
EndProject
Global
	GlobalSection(SolutionConfigurationPlatforms) = preSolution
		Debug|x64 = Debug|x64
		Debug|x86 = Debug|x86
		Release|x64 = Release|x64
		Release|x86 = Release|x86
	EndGlobalSection
	GlobalSection(ProjectConfigurationPlatforms) = postSolution
		{7661BC81-E00B-41D5-B8ED-14102D709C7E}.Debug|x64.ActiveCfg = Debug|x64
		{7661BC81-E00B-41D5-B8ED-14102D709C7E}.Debug|x64.Build.0 = Debug|x64
		{7661BC81-E00B-41D5-B8ED-14102D709C7E}.Debug|x86.ActiveCfg = Debug|Win32
		{7661BC81-E00B-41D5-B8ED-14102D709C7E}.Debug|x86.Build.0 = Debug|Win32
		{7661BC81-E00B-41D5-B8ED-14102D709C7E}.Release|x64.ActiveCfg = Release|x64
		{7661BC81-E00B-41D5-B8ED-14102D709C7E}.Release|x64.Build.0 = Release|x64
		{7661BC81-E00B-41D5-B8ED-14102D709C7E}.Release|x86.ActiveCfg = Release|Win32
		{7661BC81-E00B-41D5-B8ED-14102D709C7E}.Release|x86.Build.0 = Release|Win32
		{930F638B-0251-4DC6-BC4B-3E8963A0A510}.Debug|x64.ActiveCfg = Debug|x64
		{930F638B-0251-4DC6-BC4B-3E8963A0A510}.Debug|x64.Build.0 = Debug|x64
		{930F638B-0251-4DC6-BC4B-3E8963A0A510}.Debug|x86.ActiveCfg = Debug|Win32
		{930F638B-0251-4DC6-BC4B-3E8963A0A510}.Debug|x86.Build.0 = Debug|Win32
		{930F638B-0251-4DC6-BC4B-3E8963A0A510}.Release|x64.ActiveCfg = Release|x64
		{930F638B-0251-4DC6-BC4B-3E8963A0A510}.Release|x64.Build.0 = Release|x64
		{930F638B-0251-4DC6-BC4B-3E8963A0A510}.Release|x86.ActiveCfg = Release|Win32
		{930F638B-0251-4DC6-BC4B-3E8963A0A510}.Release|x86.Build.0 = Release|Win32
		{D73E2B5A-E171-4011-93B5-C768DF3A2BD2}.Debug|x64.ActiveCfg = Debug|x64
		{D73E2B5A-E171-4011-93B5-C768DF3A2BD2}.Debug|x64.Build.0 = Debug|x64
		{D73E2B5A-E171-4011-93B5-C768DF3A2BD2}.Debug|x86.ActiveCfg = Debug|Win32
		{D73E2B5A-E171-4011-93B5-C768DF3A2BD2}.Debug|x86.Build.0 = Debug|Win32
		{D73E2B5A-E171-4011-93B5-C768DF3A2BD2}.Release|x64.ActiveCfg = Release|x64
		{D73E2B5A-E171-4011-93B5-C768DF3A2BD2}.Release|x64.Build.0 = Release|x64
		{D73E2B5A-E171-4011-93B5-C768DF3A2BD2}.Release|x86.ActiveCfg = Release|Win32
		{D73E2B5A-E171-4011-93B5-C768DF3A2BD2}.Release|x86.Build.0 = Release|Win32
		{E92A5B69-6851-43BD-A1BE-9E905108CE5B}.Debug|x64.ActiveCfg = Debug|x64
		{E92A5B69-6851-43BD-A1BE-9E905108CE5B}.Debug|x64.Build.0 = Debug|x64
		{E92A5B69-6851-43BD-A1BE-9E905108CE5B}.Debug|x86.ActiveCfg = Debug|Win32
		{E92A5B69-6851-43BD-A1BE-9E905108CE5B}.Debug|x86.Build.0 = Debug|Win32
		{E92A5B69-6851-43BD-A1BE-9E905108CE5B}.Release|x64.ActiveCfg = Release|x64
		{E92A5B69-6851-43BD-A1BE-9E905108CE5B}.Release|x64.Build.0 = Release|x64
		{E92A5B69-6851-43BD-A1BE-9E905108CE5B}.Release|x86.ActiveCfg = Release|Win32
		{E92A5B69-6851-43BD-A1BE-9E905108CE5B}.Release|x86.Build.0 = Release|Win32
		{8168176D-D25B-47C0-8816-15F1A4A9A177}.Debug|x64.ActiveCfg = Debug|x64
		{8168176D-D25B-47C0-8816-15F1A4A9A177}.Debug|x64.Build.0 = Debug|x64
		{8168176D-D25B-47C0-8816-15F1A4A9A177}.Debug|x86.ActiveCfg = Debug|Win32
		{8168176D-D25B-47C0-8816-15F1A4A9A177}.Debug|x86.Build.0 = Debug|Win32
		{8168176D-D25B-47C0-8816-15F1A4A9A177}.Release|x64.ActiveCfg = Release|x64
		{8168176D-D25B-47C0-8816-15F1A4A9A177}.Release|x64.Build.0 = Release|x64
		{8168176D-D25B-47C0-8816-15F1A4A9A177}.Release|x86.ActiveCfg = Release|Win32
		{8168176D-D25B-47C0-8816-15F1A4A9A177}.Release|x86.Build.0 = Release|Win32
		{28409CBF-D348-4A6E-B826-F05428EBAB0A}.Debug|x64.ActiveCfg = Debug|x64
		{28409CBF-D348-4A6E-B826-F05428EBAB0A}.Debug|x64.Build.0 = Debug|x64
		{28409CBF-D348-4A6E-B826-F05428EBAB0A}.Debug|x86.ActiveCfg = Debug|Win32
		{28409CBF-D348-4A6E-B826-F05428EBAB0A}.Debug|x86.Build.0 = Debug|Win32
		{28409CBF-D348-4A6E-B826-F05428EBAB0A}.Release|x64.ActiveCfg = Release|x64
		{28409CBF-D348-4A6E-B826-F05428EBAB0A}.Release|x64.Build.0 = Release|x64
		{28409CBF-D348-4A6E-B826-F05428EBAB0A}.Release|x86.ActiveCfg = Release|Win32
		{28409CBF-D348-4A6E-B826-F05428EBAB0A}.Release|x86.Build.0 = Release|Win32
		{2D970656-02E5-4C19-9CA3-858B617D9695}.Debug|x64.ActiveCfg = Debug|x64
		{2D970656-02E5-4C19-9CA3-858B617D9695}.Debug|x64.Build.0 = Debug|x64
		{2D970656-02E5-4C19-9CA3-858B617D9695}.Debug|x86.ActiveCfg = Debug|Win32
		{2D970656-02E5-4C19-9CA3-858B617D9695}.Debug|x86.Build.0 = Debug|Win32
		{2D970656-02E5-4C19-9CA3-858B617D9695}.Release|x64.ActiveCfg = Release|x64
		{2D970656-02E5-4C19-9CA3-858B617D9695}.Release|x64.Build.0 = Release|x64
		{2D970656-02E5-4C19-9CA3-858B617D9695}.Release|x86.ActiveCfg = Release|Win32
		{2D970656-02E5-4C19-9CA3-858B617D9695}.Release|x86.Build.0 = Release|Win32
		{09B2CBAA-313A-46E4-BAF4-6DC49B59FEF6}.Debug|x64.ActiveCfg = Debug|x64
		{09B2CBAA-313A-46E4-BAF4-6DC49B59FEF6}.Debug|x64.Build.0 = Debug|x64
		{09B2CBAA-313A-46E4-BAF4-6DC49B59FEF6}.Debug|x86.ActiveCfg = Debug|Win32
		{09B2CBAA-313A-46E4-BAF4-6DC49B59FEF6}.Debug|x86.Build.0 = Debug|Win32
		{09B2CBAA-313A-46E4-BAF4-6DC49B59FEF6}.Release|x64.ActiveCfg = Release|x64
		{09B2CBAA-313A-46E4-BAF4-6DC49B59FEF6}.Release|x64.Build.0 = Release|x64
		{09B2CBAA-313A-46E4-BAF4-6DC49B59FEF6}.Release|x86.ActiveCfg = Release|Win32
		{09B2CBAA-313A-46E4-BAF4-6DC49B59FEF6}.Release|x86.Build.0 = Release|Win32
		{5CA6AE1A-8FC8-41C2-A5C9-1F1D169A5674}.Debug|x64.ActiveCfg = Debug|x64
		{5CA6AE1A-8FC8-41C2-A5C9-1F1D169A5674}.Debug|x64.Build.0 = Debug|x64
		{5CA6AE1A-8FC8-41C2-A5C9-1F1D169A5674}.Debug|x86.ActiveCfg = Debug|Win32
		{5CA6AE1A-8FC8-41C2-A5C9-1F1D169A5674}.Debug|x86.Build.0 = Debug|Win32
		{5CA6AE1A-8FC8-41C2-A5C9-1F1D169A5674}.Release|x64.ActiveCfg = Release|x64
		{5CA6AE1A-8FC8-41C2-A5C9-1F1D169A5674}.Release|x64.Build.0 = Release|x64
		{5CA6AE1A-8FC8-41C2-A5C9-1F1D169A5674}.Release|x86.ActiveCfg = Release|Win32
		{5CA6AE1A-8FC8-41C2-A5C9-1F1D169A5674}.Release|x86.Build.0 = Release|Win32
		{69FEEEDC-F65A-4FB2-9C4E-854BD6EE6FEF}.Debug|x64.ActiveCfg = Debug|x64
		{69FEEEDC-F65A-4FB2-9C4E-854BD6EE6FEF}.Debug|x64.Build.0 = Debug|x64
		{69FEEEDC-F65A-4FB2-9C4E-854BD6EE6FEF}.Debug|x86.ActiveCfg = Debug|Win32
		{69FEEEDC-F65A-4FB2-9C4E-854BD6EE6FEF}.Debug|x86.Build.0 = Debug|Win32
		{69FEEEDC-F65A-4FB2-9C4E-854BD6EE6FEF}.Release|x64.ActiveCfg = Release|x64
		{69FEEEDC-F65A-4FB2-9C4E-854BD6EE6FEF}.Release|x64.Build.0 = Release|x64
		{69FEEEDC-F65A-4FB2-9C4E-854BD6EE6FEF}.Release|x86.ActiveCfg = Release|Win32
		{69FEEEDC-F65A-4FB2-9C4E-854BD6EE6FEF}.Release|x86.Build.0 = Release|Win32
		{0AD41027-68B4-4808-8D29-8ED2A8034D70}.Debug|x64.ActiveCfg = Debug|x64
		{0AD41027-68B4-4808-8D29-8ED2A8034D70}.Debug|x64.Build.0 = Debug|x64
		{0AD41027-68B4-4808-8D29-8ED2A8034D70}.Debug|x86.ActiveCfg = Debug|Win32
		{0AD41027-68B4-4808-8D29-8ED2A8034D70}.Debug|x86.Build.0 = Debug|Win32
		{0AD41027-68B4-4808-8D29-8ED2A8034D70}.Release|x64.ActiveCfg = Release|x64
		{0AD41027-68B4-4808-8D29-8ED2A8034D70}.Release|x64.Build.0 = Release|x64
		{0AD41027-68B4-4808-8D29-8ED2A8034D70}.Release|x86.ActiveCfg = Release|Win32
		{0AD41027-68B4-4808-8D29-8ED2A8034D70}.Release|x86.Build.0 = Release|Win32
		{5A47CBDA-322E-43D4-9B86-EF414394C525}.Debug|x64.ActiveCfg = Debug|x64
		{5A47CBDA-322E-43D4-9B86-EF414394C525}.Debug|x64.Build.0 = Debug|x64
		{5A47CBDA-322E-43D4-9B86-EF414394C525}.Debug|x86.ActiveCfg = Debug|Win32
		{5A47CBDA-322E-43D4-9B86-EF414394C525}.Debug|x86.Build.0 = Debug|Win32
		{5A47CBDA-322E-43D4-9B86-EF414394C525}.Release|x64.ActiveCfg = Release|x64
		{5A47CBDA-322E-43D4-9B86-EF414394C525}.Release|x64.Build.0 = Release|x64
		{5A47CBDA-322E-43D4-9B86-EF414394C525}.Release|x86.ActiveCfg = Release|Win32
		{5A47CBDA-322E-43D4-9B86-EF414394C525}.Release|x86.Build.0 = Release|Win32
		{DD7996DD-4D90-4B44-BB90-33DDA772ADBD}.Debug|x64.ActiveCfg = Debug|x64
		{DD7996DD-4D90-4B44-BB90-33DDA772ADBD}.Debug|x64.Build.0 = Debug|x64
		{DD7996DD-4D90-4B44-BB90-33DDA772ADBD}.Debug|x86.ActiveCfg = Debug|Win32
		{DD7996DD-4D90-4B44-BB90-33DDA772ADBD}.Debug|x86.Build.0 = Debug|Win32
		{DD7996DD-4D90-4B44-BB90-33DDA772ADBD}.Release|x64.ActiveCfg = Release|x64
		{DD7996DD-4D90-4B44-BB90-33DDA772ADBD}.Release|x64.Build.0 = Release|x64
		{DD7996DD-4D90-4B44-BB90-33DDA772ADBD}.Release|x86.ActiveCfg = Release|Win32
		{DD7996DD-4D90-4B44-BB90-33DDA772ADBD}.Release|x86.Build.0 = Release|Win32
	EndGlobalSection
	GlobalSection(SolutionProperties) = preSolution
		HideSolutionNode = FALSE
	EndGlobalSection
	GlobalSection(ExtensibilityGlobals) = postSolution
		SolutionGuid = {4F94FC1B-204C-49F2-A08D-57CEBAABD509}
	EndGlobalSection
EndGlobal
