
Microsoft Visual Studio Solution File, Format Version 12.00
# Visual Studio Version 16
VisualStudioVersion = 16.0.30011.22
MinimumVisualStudioVersion = 10.0.40219.1
Project("{8BC9CEB8-8B4A-11D0-8D11-00A0C91BC942}") = "Chapter 6", "Chapter 6\Chapter 6.vcxitems", "{AA94BD29-D00A-4354-A20D-EE80520703AA}"
EndProject
Project("{8BC9CEB8-8B4A-11D0-8D11-00A0C91BC942}") = "Task 1", "Task 1\Task 1.vcxproj", "{C7A34897-EBC1-4894-9FCB-51B8FA88745E}"
EndProject
Project("{8BC9CEB8-8B4A-11D0-8D11-00A0C91BC942}") = "Task 2", "Task 2\Task 2.vcxproj", "{4C122380-A4E2-44B0-AF69-96329CBB232B}"
EndProject
Project("{8BC9CEB8-8B4A-11D0-8D11-00A0C91BC942}") = "Task 3", "Task 3\Task 3.vcxproj", "{A943FA7D-61ED-40B3-8816-041DABC70A25}"
EndProject
Project("{8BC9CEB8-8B4A-11D0-8D11-00A0C91BC942}") = "Task 4", "Task 4\Task 4.vcxproj", "{879CF737-54CE-4731-83F4-15877CBE7AFF}"
EndProject
Project("{8BC9CEB8-8B4A-11D0-8D11-00A0C91BC942}") = "Task 5", "Task 5\Task 5.vcxproj", "{7BCD717F-0701-4C80-86E8-61ED0A90ED4D}"
EndProject
Project("{8BC9CEB8-8B4A-11D0-8D11-00A0C91BC942}") = "Task 6", "Task 6\Task 6.vcxproj", "{03FA07B3-2AE1-4352-9BFE-8DAF82262986}"
EndProject
Project("{8BC9CEB8-8B4A-11D0-8D11-00A0C91BC942}") = "Task 7", "Task 7\Task 7.vcxproj", "{CFAFCFBE-711A-4ADC-B9BE-357AE4EE113C}"
EndProject
Global
	GlobalSection(SolutionConfigurationPlatforms) = preSolution
		Debug|x64 = Debug|x64
		Debug|x86 = Debug|x86
		Release|x64 = Release|x64
		Release|x86 = Release|x86
	EndGlobalSection
	GlobalSection(ProjectConfigurationPlatforms) = postSolution
		{C7A34897-EBC1-4894-9FCB-51B8FA88745E}.Debug|x64.ActiveCfg = Debug|x64
		{C7A34897-EBC1-4894-9FCB-51B8FA88745E}.Debug|x64.Build.0 = Debug|x64
		{C7A34897-EBC1-4894-9FCB-51B8FA88745E}.Debug|x86.ActiveCfg = Debug|Win32
		{C7A34897-EBC1-4894-9FCB-51B8FA88745E}.Debug|x86.Build.0 = Debug|Win32
		{C7A34897-EBC1-4894-9FCB-51B8FA88745E}.Release|x64.ActiveCfg = Release|x64
		{C7A34897-EBC1-4894-9FCB-51B8FA88745E}.Release|x64.Build.0 = Release|x64
		{C7A34897-EBC1-4894-9FCB-51B8FA88745E}.Release|x86.ActiveCfg = Release|Win32
		{C7A34897-EBC1-4894-9FCB-51B8FA88745E}.Release|x86.Build.0 = Release|Win32
		{4C122380-A4E2-44B0-AF69-96329CBB232B}.Debug|x64.ActiveCfg = Debug|x64
		{4C122380-A4E2-44B0-AF69-96329CBB232B}.Debug|x64.Build.0 = Debug|x64
		{4C122380-A4E2-44B0-AF69-96329CBB232B}.Debug|x86.ActiveCfg = Debug|Win32
		{4C122380-A4E2-44B0-AF69-96329CBB232B}.Debug|x86.Build.0 = Debug|Win32
		{4C122380-A4E2-44B0-AF69-96329CBB232B}.Release|x64.ActiveCfg = Release|x64
		{4C122380-A4E2-44B0-AF69-96329CBB232B}.Release|x64.Build.0 = Release|x64
		{4C122380-A4E2-44B0-AF69-96329CBB232B}.Release|x86.ActiveCfg = Release|Win32
		{4C122380-A4E2-44B0-AF69-96329CBB232B}.Release|x86.Build.0 = Release|Win32
		{A943FA7D-61ED-40B3-8816-041DABC70A25}.Debug|x64.ActiveCfg = Debug|x64
		{A943FA7D-61ED-40B3-8816-041DABC70A25}.Debug|x64.Build.0 = Debug|x64
		{A943FA7D-61ED-40B3-8816-041DABC70A25}.Debug|x86.ActiveCfg = Debug|Win32
		{A943FA7D-61ED-40B3-8816-041DABC70A25}.Debug|x86.Build.0 = Debug|Win32
		{A943FA7D-61ED-40B3-8816-041DABC70A25}.Release|x64.ActiveCfg = Release|x64
		{A943FA7D-61ED-40B3-8816-041DABC70A25}.Release|x64.Build.0 = Release|x64
		{A943FA7D-61ED-40B3-8816-041DABC70A25}.Release|x86.ActiveCfg = Release|Win32
		{A943FA7D-61ED-40B3-8816-041DABC70A25}.Release|x86.Build.0 = Release|Win32
		{879CF737-54CE-4731-83F4-15877CBE7AFF}.Debug|x64.ActiveCfg = Debug|x64
		{879CF737-54CE-4731-83F4-15877CBE7AFF}.Debug|x64.Build.0 = Debug|x64
		{879CF737-54CE-4731-83F4-15877CBE7AFF}.Debug|x86.ActiveCfg = Debug|Win32
		{879CF737-54CE-4731-83F4-15877CBE7AFF}.Debug|x86.Build.0 = Debug|Win32
		{879CF737-54CE-4731-83F4-15877CBE7AFF}.Release|x64.ActiveCfg = Release|x64
		{879CF737-54CE-4731-83F4-15877CBE7AFF}.Release|x64.Build.0 = Release|x64
		{879CF737-54CE-4731-83F4-15877CBE7AFF}.Release|x86.ActiveCfg = Release|Win32
		{879CF737-54CE-4731-83F4-15877CBE7AFF}.Release|x86.Build.0 = Release|Win32
		{7BCD717F-0701-4C80-86E8-61ED0A90ED4D}.Debug|x64.ActiveCfg = Debug|x64
		{7BCD717F-0701-4C80-86E8-61ED0A90ED4D}.Debug|x64.Build.0 = Debug|x64
		{7BCD717F-0701-4C80-86E8-61ED0A90ED4D}.Debug|x86.ActiveCfg = Debug|Win32
		{7BCD717F-0701-4C80-86E8-61ED0A90ED4D}.Debug|x86.Build.0 = Debug|Win32
		{7BCD717F-0701-4C80-86E8-61ED0A90ED4D}.Release|x64.ActiveCfg = Release|x64
		{7BCD717F-0701-4C80-86E8-61ED0A90ED4D}.Release|x64.Build.0 = Release|x64
		{7BCD717F-0701-4C80-86E8-61ED0A90ED4D}.Release|x86.ActiveCfg = Release|Win32
		{7BCD717F-0701-4C80-86E8-61ED0A90ED4D}.Release|x86.Build.0 = Release|Win32
		{03FA07B3-2AE1-4352-9BFE-8DAF82262986}.Debug|x64.ActiveCfg = Debug|x64
		{03FA07B3-2AE1-4352-9BFE-8DAF82262986}.Debug|x64.Build.0 = Debug|x64
		{03FA07B3-2AE1-4352-9BFE-8DAF82262986}.Debug|x86.ActiveCfg = Debug|Win32
		{03FA07B3-2AE1-4352-9BFE-8DAF82262986}.Debug|x86.Build.0 = Debug|Win32
		{03FA07B3-2AE1-4352-9BFE-8DAF82262986}.Release|x64.ActiveCfg = Release|x64
		{03FA07B3-2AE1-4352-9BFE-8DAF82262986}.Release|x64.Build.0 = Release|x64
		{03FA07B3-2AE1-4352-9BFE-8DAF82262986}.Release|x86.ActiveCfg = Release|Win32
		{03FA07B3-2AE1-4352-9BFE-8DAF82262986}.Release|x86.Build.0 = Release|Win32
		{CFAFCFBE-711A-4ADC-B9BE-357AE4EE113C}.Debug|x64.ActiveCfg = Debug|x64
		{CFAFCFBE-711A-4ADC-B9BE-357AE4EE113C}.Debug|x64.Build.0 = Debug|x64
		{CFAFCFBE-711A-4ADC-B9BE-357AE4EE113C}.Debug|x86.ActiveCfg = Debug|Win32
		{CFAFCFBE-711A-4ADC-B9BE-357AE4EE113C}.Debug|x86.Build.0 = Debug|Win32
		{CFAFCFBE-711A-4ADC-B9BE-357AE4EE113C}.Release|x64.ActiveCfg = Release|x64
		{CFAFCFBE-711A-4ADC-B9BE-357AE4EE113C}.Release|x64.Build.0 = Release|x64
		{CFAFCFBE-711A-4ADC-B9BE-357AE4EE113C}.Release|x86.ActiveCfg = Release|Win32
		{CFAFCFBE-711A-4ADC-B9BE-357AE4EE113C}.Release|x86.Build.0 = Release|Win32
	EndGlobalSection
	GlobalSection(SolutionProperties) = preSolution
		HideSolutionNode = FALSE
	EndGlobalSection
	GlobalSection(ExtensibilityGlobals) = postSolution
		SolutionGuid = {9AFD98D6-2669-4432-8926-B8E90427E4A9}
	EndGlobalSection
EndGlobal
